
Microsoft Visual Studio Solution File, Format Version 12.00
# Visual Studio Version 17
VisualStudioVersion = 17.0.31903.59
MinimumVisualStudioVersion = 10.0.40219.1
Project("{2150E333-8FDC-42A3-9474-1A3956D46DE8}") = "Gateway", "Gateway", "{E7BDDBC6-9FD1-D1D7-ACD8-2C4F8E3D2461}"
EndProject
Project("{FAE04EC0-301F-11D3-BF4B-00C04F79EFBC}") = "CRM.Gateway.Api", "Gateway\CRM.Gateway.Api\CRM.Gateway.Api.csproj", "{FA0060FB-632D-427A-9135-AD357B34F75B}"
EndProject
Project("{2150E333-8FDC-42A3-9474-1A3956D46DE8}") = "Shared", "Shared", "{4F52FD11-658E-A102-6CD3-7D7C16FFA15B}"
EndProject
Project("{2150E333-8FDC-42A3-9474-1A3956D46DE8}") = "BuildingBlocks", "BuildingBlocks", "{EDD64D91-0F4B-5ED4-2866-ADA64D5A1C33}"
EndProject
Project("{FAE04EC0-301F-11D3-BF4B-00C04F79EFBC}") = "CRM.BuildingBlocks", "Shared\BuildingBlocks\CRM.BuildingBlocks\CRM.BuildingBlocks.csproj", "{ECAF37F3-B066-43A9-9C52-E28577C11B50}"
EndProject
Project("{2150E333-8FDC-42A3-9474-1A3956D46DE8}") = "Services", "Services", "{5854FF58-B8C5-05C6-5BF2-ACE42193F22B}"
EndProject
Project("{2150E333-8FDC-42A3-9474-1A3956D46DE8}") = "Authentication", "Authentication", "{D79447CB-DBD5-1050-F941-4B1DB154ED7A}"
EndProject
Project("{FAE04EC0-301F-11D3-BF4B-00C04F79EFBC}") = "CRM.Authentication.Domain", "Services\Authentication\CRM.Authentication.Domain\CRM.Authentication.Domain.csproj", "{681352FA-0294-493C-A593-1DBDDA128C0A}"
EndProject
Project("{FAE04EC0-301F-11D3-BF4B-00C04F79EFBC}") = "CRM.Authentication.Application", "Services\Authentication\CRM.Authentication.Application\CRM.Authentication.Application.csproj", "{757D2377-8083-447A-91B0-ABCD57010997}"
EndProject
Project("{FAE04EC0-301F-11D3-BF4B-00C04F79EFBC}") = "CRM.Authentication.Infrastructure", "Services\Authentication\CRM.Authentication.Infrastructure\CRM.Authentication.Infrastructure.csproj", "{C10ACD12-089D-4DE2-A786-128C0CC9D956}"
EndProject
Project("{FAE04EC0-301F-11D3-BF4B-00C04F79EFBC}") = "CRM.Authentication.Api", "Services\Authentication\CRM.Authentication.Api\CRM.Authentication.Api.csproj", "{8F78EC92-0763-4AA1-93FE-0C5CFC775B77}"
EndProject
Project("{2150E333-8FDC-42A3-9474-1A3956D46DE8}") = "HR", "HR", "{6B2CB54C-E7F8-C45B-A4DA-FB37389901FF}"
EndProject
Project("{FAE04EC0-301F-11D3-BF4B-00C04F79EFBC}") = "CRM.HR.Domain", "Services\HR\CRM.HR.Domain\CRM.HR.Domain.csproj", "{739DA6A8-E2B7-4419-8094-20CFEC178A82}"
EndProject
Project("{FAE04EC0-301F-11D3-BF4B-00C04F79EFBC}") = "CRM.HR.Application", "Services\HR\CRM.HR.Application\CRM.HR.Application.csproj", "{9DDE2997-EC40-4651-A9B1-9E56FCCEFB1F}"
EndProject
Project("{FAE04EC0-301F-11D3-BF4B-00C04F79EFBC}") = "CRM.HR.Infrastructure", "Services\HR\CRM.HR.Infrastructure\CRM.HR.Infrastructure.csproj", "{2B030020-CCEF-48E3-BDB8-84DC907D2EB4}"
EndProject
Project("{FAE04EC0-301F-11D3-BF4B-00C04F79EFBC}") = "CRM.HR.Api", "Services\HR\CRM.HR.Api\CRM.HR.Api.csproj", "{D7CDDEA7-1E1F-4BD0-9292-008A7B67AE31}"
EndProject
Project("{2150E333-8FDC-42A3-9474-1A3956D46DE8}") = "Customer", "Customer", "{897A1CA0-6674-B18F-C120-167327C55361}"
EndProject
Project("{FAE04EC0-301F-11D3-BF4B-00C04F79EFBC}") = "CRM.Customer.Domain", "Services\Customer\CRM.Customer.Domain\CRM.Customer.Domain.csproj", "{34AE86CF-6471-4E8D-B0BE-18F6D55E2637}"
EndProject
Project("{FAE04EC0-301F-11D3-BF4B-00C04F79EFBC}") = "CRM.Customer.Application", "Services\Customer\CRM.Customer.Application\CRM.Customer.Application.csproj", "{0AF866F1-61D7-4DA6-85AE-6B0C3CDDF71F}"
EndProject
Project("{FAE04EC0-301F-11D3-BF4B-00C04F79EFBC}") = "CRM.Customer.Infrastructure", "Services\Customer\CRM.Customer.Infrastructure\CRM.Customer.Infrastructure.csproj", "{B6D3E8FE-78CA-4BDB-AB28-EC95B06C8A4F}"
EndProject
Project("{FAE04EC0-301F-11D3-BF4B-00C04F79EFBC}") = "CRM.Customer.Api", "Services\Customer\CRM.Customer.Api\CRM.Customer.Api.csproj", "{3C178BAB-561C-4216-B062-43DCF506FDDA}"
EndProject
Project("{2150E333-8FDC-42A3-9474-1A3956D46DE8}") = "Order", "Order", "{A7F1EA75-F84F-EDAA-1156-120873BE27D5}"
EndProject
Project("{FAE04EC0-301F-11D3-BF4B-00C04F79EFBC}") = "CRM.Order.Api", "Services\Order\CRM.Order.Api\CRM.Order.Api.csproj", "{93162F8E-51C1-4F4A-9F9D-0F3F2AB6B156}"
EndProject
Project("{FAE04EC0-301F-11D3-BF4B-00C04F79EFBC}") = "CRM.Order.Infrastructure", "Services\Order\CRM.Order.Infrastructure\CRM.Order.Infrastructure.csproj", "{A0B5C266-C204-4E6C-87D2-BCC20F94C9CD}"
EndProject
Project("{FAE04EC0-301F-11D3-BF4B-00C04F79EFBC}") = "CRM.Order.Application", "Services\Order\CRM.Order.Application\CRM.Order.Application.csproj", "{F91EE65A-9AC7-439B-858E-E7C6FAA27463}"
EndProject
Project("{FAE04EC0-301F-11D3-BF4B-00C04F79EFBC}") = "CRM.Order.Domain", "Services\Order\CRM.Order.Domain\CRM.Order.Domain.csproj", "{730A5989-8B20-4C95-ABEB-C73E661914BB}"
EndProject
Project("{2150E333-8FDC-42A3-9474-1A3956D46DE8}") = "Product", "Product", "{B06B848F-2C60-96F4-F472-51BA1E48B7CF}"
EndProject
Project("{FAE04EC0-301F-11D3-BF4B-00C04F79EFBC}") = "CRM.Product.Api", "Services\Product\CRM.Product.Api\CRM.Product.Api.csproj", "{3148DA21-CE5B-45C4-978F-46F7752B8F18}"
EndProject
Project("{FAE04EC0-301F-11D3-BF4B-00C04F79EFBC}") = "CRM.Product.Infrastructure", "Services\Product\CRM.Product.Infrastructure\CRM.Product.Infrastructure.csproj", "{812A844A-B26E-4AA0-8C21-9167EA5022D8}"
EndProject
Project("{FAE04EC0-301F-11D3-BF4B-00C04F79EFBC}") = "CRM.Product.Application", "Services\Product\CRM.Product.Application\CRM.Product.Application.csproj", "{413384F6-7DB6-4FEF-A1AB-F283948D92E4}"
EndProject
Project("{FAE04EC0-301F-11D3-BF4B-00C04F79EFBC}") = "CRM.Product.Domain", "Services\Product\CRM.Product.Domain\CRM.Product.Domain.csproj", "{81CF9E11-C4CF-4DD1-A43E-70F4D9E4D52B}"
EndProject
Project("{2150E333-8FDC-42A3-9474-1A3956D46DE8}") = "Report", "Report", "{86ABE1F9-23ED-9C87-BC7A-555EAC0243D4}"
EndProject
Project("{FAE04EC0-301F-11D3-BF4B-00C04F79EFBC}") = "CRM.Report.Api", "Services\Report\CRM.Report.Api\CRM.Report.Api.csproj", "{038837E9-8BA1-4AC4-B891-8537A7A54CB2}"
EndProject
Project("{FAE04EC0-301F-11D3-BF4B-00C04F79EFBC}") = "CRM.Report.Infrastructure", "Services\Report\CRM.Report.Infrastructure\CRM.Report.Infrastructure.csproj", "{58239539-263D-4221-A202-01196D15A5DB}"
EndProject
Project("{FAE04EC0-301F-11D3-BF4B-00C04F79EFBC}") = "CRM.Report.Application", "Services\Report\CRM.Report.Application\CRM.Report.Application.csproj", "{143769F9-59E0-4445-BBB8-53E967E3999C}"
EndProject
Project("{FAE04EC0-301F-11D3-BF4B-00C04F79EFBC}") = "CRM.Report.Domain", "Services\Report\CRM.Report.Domain\CRM.Report.Domain.csproj", "{DB4F5F42-32F6-4B68-A3B2-9FC777DBE09A}"
EndProject
Project("{2150E333-8FDC-42A3-9474-1A3956D46DE8}") = "Payment", "Payment", "{714CC2AF-245C-D6B1-E117-A1157E62AF44}"
EndProject
Project("{FAE04EC0-301F-11D3-BF4B-00C04F79EFBC}") = "CRM.Payment.Api", "Services\Payment\CRM.Payment.Api\CRM.Payment.Api.csproj", "{D5376418-A91D-4FBB-98EF-BB8645F74638}"
EndProject
Project("{FAE04EC0-301F-11D3-BF4B-00C04F79EFBC}") = "CRM.Payment.Infrastructure", "Services\Payment\CRM.Payment.Infrastructure\CRM.Payment.Infrastructure.csproj", "{04778F17-5D89-4A31-9643-94A29FF43BF1}"
EndProject
Project("{FAE04EC0-301F-11D3-BF4B-00C04F79EFBC}") = "CRM.Payment.Application", "Services\Payment\CRM.Payment.Application\CRM.Payment.Application.csproj", "{3F0330A5-54B8-4829-B829-8B22D494F42F}"
EndProject
Project("{FAE04EC0-301F-11D3-BF4B-00C04F79EFBC}") = "CRM.Payment.Domain", "Services\Payment\CRM.Payment.Domain\CRM.Payment.Domain.csproj", "{4AB816D3-E991-4B52-9635-300B4CAA453A}"
EndProject
Project("{2150E333-8FDC-42A3-9474-1A3956D46DE8}") = "Organization", "Organization", "{EECC9D9F-231C-F3F4-0AC7-F763C25E0F76}"
EndProject
Project("{FAE04EC0-301F-11D3-BF4B-00C04F79EFBC}") = "CRM.Organization.Api", "Services\Organization\CRM.Organization.Api\CRM.Organization.Api.csproj", "{AC573E2C-72FA-41F6-9203-A1327D50FC1A}"
EndProject
Project("{FAE04EC0-301F-11D3-BF4B-00C04F79EFBC}") = "CRM.Organization.Infrastructure", "Services\Organization\CRM.Organization.Infrastructure\CRM.Organization.Infrastructure.csproj", "{4DD85657-36A9-40FD-8CC9-7A3FC0F05398}"
EndProject
Project("{FAE04EC0-301F-11D3-BF4B-00C04F79EFBC}") = "CRM.Organization.Application", "Services\Organization\CRM.Organization.Application\CRM.Organization.Application.csproj", "{070E2C68-C5B7-4E0C-A078-3A9656EF4457}"
EndProject
Project("{FAE04EC0-301F-11D3-BF4B-00C04F79EFBC}") = "CRM.Organization.Domain", "Services\Organization\CRM.Organization.Domain\CRM.Organization.Domain.csproj", "{B87E75B8-E21C-4A5E-AF6D-2EB6458DFC97}"
EndProject
Project("{2150E333-8FDC-42A3-9474-1A3956D46DE8}") = "Promotion", "Promotion", "{60937C9B-4477-A58E-E305-B3069E16F0C3}"
EndProject
Project("{FAE04EC0-301F-11D3-BF4B-00C04F79EFBC}") = "CRM.Promotion.Api", "Services\Promotion\CRM.Promotion.Api\CRM.Promotion.Api.csproj", "{5F3939DE-0425-49F6-BA01-3693A63B390A}"
EndProject
Project("{FAE04EC0-301F-11D3-BF4B-00C04F79EFBC}") = "CRM.Promotion.Infrastructure", "Services\Promotion\CRM.Promotion.Infrastructure\CRM.Promotion.Infrastructure.csproj", "{CC184822-8E98-4489-B4A7-8DEC135DBC84}"
EndProject
Project("{FAE04EC0-301F-11D3-BF4B-00C04F79EFBC}") = "CRM.Promotion.Application", "Services\Promotion\CRM.Promotion.Application\CRM.Promotion.Application.csproj", "{8F0B6DDC-69D1-485C-BEA2-6237A908146E}"
EndProject
Project("{FAE04EC0-301F-11D3-BF4B-00C04F79EFBC}") = "CRM.Promotion.Domain", "Services\Promotion\CRM.Promotion.Domain\CRM.Promotion.Domain.csproj", "{AF6D65F1-8BCD-4A98-8B85-AF106597DDB4}"
EndProject
Global
	GlobalSection(SolutionConfigurationPlatforms) = preSolution
		Debug|Any CPU = Debug|Any CPU
		Debug|x64 = Debug|x64
		Debug|x86 = Debug|x86
		Release|Any CPU = Release|Any CPU
		Release|x64 = Release|x64
		Release|x86 = Release|x86
	EndGlobalSection
	GlobalSection(ProjectConfigurationPlatforms) = postSolution
		{FA0060FB-632D-427A-9135-AD357B34F75B}.Debug|Any CPU.ActiveCfg = Debug|Any CPU
		{FA0060FB-632D-427A-9135-AD357B34F75B}.Debug|Any CPU.Build.0 = Debug|Any CPU
		{FA0060FB-632D-427A-9135-AD357B34F75B}.Debug|x64.ActiveCfg = Debug|Any CPU
		{FA0060FB-632D-427A-9135-AD357B34F75B}.Debug|x64.Build.0 = Debug|Any CPU
		{FA0060FB-632D-427A-9135-AD357B34F75B}.Debug|x86.ActiveCfg = Debug|Any CPU
		{FA0060FB-632D-427A-9135-AD357B34F75B}.Debug|x86.Build.0 = Debug|Any CPU
		{FA0060FB-632D-427A-9135-AD357B34F75B}.Release|Any CPU.ActiveCfg = Release|Any CPU
		{FA0060FB-632D-427A-9135-AD357B34F75B}.Release|Any CPU.Build.0 = Release|Any CPU
		{FA0060FB-632D-427A-9135-AD357B34F75B}.Release|x64.ActiveCfg = Release|Any CPU
		{FA0060FB-632D-427A-9135-AD357B34F75B}.Release|x64.Build.0 = Release|Any CPU
		{FA0060FB-632D-427A-9135-AD357B34F75B}.Release|x86.ActiveCfg = Release|Any CPU
		{FA0060FB-632D-427A-9135-AD357B34F75B}.Release|x86.Build.0 = Release|Any CPU
		{ECAF37F3-B066-43A9-9C52-E28577C11B50}.Debug|Any CPU.ActiveCfg = Debug|Any CPU
		{ECAF37F3-B066-43A9-9C52-E28577C11B50}.Debug|Any CPU.Build.0 = Debug|Any CPU
		{ECAF37F3-B066-43A9-9C52-E28577C11B50}.Debug|x64.ActiveCfg = Debug|Any CPU
		{ECAF37F3-B066-43A9-9C52-E28577C11B50}.Debug|x64.Build.0 = Debug|Any CPU
		{ECAF37F3-B066-43A9-9C52-E28577C11B50}.Debug|x86.ActiveCfg = Debug|Any CPU
		{ECAF37F3-B066-43A9-9C52-E28577C11B50}.Debug|x86.Build.0 = Debug|Any CPU
		{ECAF37F3-B066-43A9-9C52-E28577C11B50}.Release|Any CPU.ActiveCfg = Release|Any CPU
		{ECAF37F3-B066-43A9-9C52-E28577C11B50}.Release|Any CPU.Build.0 = Release|Any CPU
		{ECAF37F3-B066-43A9-9C52-E28577C11B50}.Release|x64.ActiveCfg = Release|Any CPU
		{ECAF37F3-B066-43A9-9C52-E28577C11B50}.Release|x64.Build.0 = Release|Any CPU
		{ECAF37F3-B066-43A9-9C52-E28577C11B50}.Release|x86.ActiveCfg = Release|Any CPU
		{ECAF37F3-B066-43A9-9C52-E28577C11B50}.Release|x86.Build.0 = Release|Any CPU
		{681352FA-0294-493C-A593-1DBDDA128C0A}.Debug|Any CPU.ActiveCfg = Debug|Any CPU
		{681352FA-0294-493C-A593-1DBDDA128C0A}.Debug|Any CPU.Build.0 = Debug|Any CPU
		{681352FA-0294-493C-A593-1DBDDA128C0A}.Debug|x64.ActiveCfg = Debug|Any CPU
		{681352FA-0294-493C-A593-1DBDDA128C0A}.Debug|x64.Build.0 = Debug|Any CPU
		{681352FA-0294-493C-A593-1DBDDA128C0A}.Debug|x86.ActiveCfg = Debug|Any CPU
		{681352FA-0294-493C-A593-1DBDDA128C0A}.Debug|x86.Build.0 = Debug|Any CPU
		{681352FA-0294-493C-A593-1DBDDA128C0A}.Release|Any CPU.ActiveCfg = Release|Any CPU
		{681352FA-0294-493C-A593-1DBDDA128C0A}.Release|Any CPU.Build.0 = Release|Any CPU
		{681352FA-0294-493C-A593-1DBDDA128C0A}.Release|x64.ActiveCfg = Release|Any CPU
		{681352FA-0294-493C-A593-1DBDDA128C0A}.Release|x64.Build.0 = Release|Any CPU
		{681352FA-0294-493C-A593-1DBDDA128C0A}.Release|x86.ActiveCfg = Release|Any CPU
		{681352FA-0294-493C-A593-1DBDDA128C0A}.Release|x86.Build.0 = Release|Any CPU
		{757D2377-8083-447A-91B0-ABCD57010997}.Debug|Any CPU.ActiveCfg = Debug|Any CPU
		{757D2377-8083-447A-91B0-ABCD57010997}.Debug|Any CPU.Build.0 = Debug|Any CPU
		{757D2377-8083-447A-91B0-ABCD57010997}.Debug|x64.ActiveCfg = Debug|Any CPU
		{757D2377-8083-447A-91B0-ABCD57010997}.Debug|x64.Build.0 = Debug|Any CPU
		{757D2377-8083-447A-91B0-ABCD57010997}.Debug|x86.ActiveCfg = Debug|Any CPU
		{757D2377-8083-447A-91B0-ABCD57010997}.Debug|x86.Build.0 = Debug|Any CPU
		{757D2377-8083-447A-91B0-ABCD57010997}.Release|Any CPU.ActiveCfg = Release|Any CPU
		{757D2377-8083-447A-91B0-ABCD57010997}.Release|Any CPU.Build.0 = Release|Any CPU
		{757D2377-8083-447A-91B0-ABCD57010997}.Release|x64.ActiveCfg = Release|Any CPU
		{757D2377-8083-447A-91B0-ABCD57010997}.Release|x64.Build.0 = Release|Any CPU
		{757D2377-8083-447A-91B0-ABCD57010997}.Release|x86.ActiveCfg = Release|Any CPU
		{757D2377-8083-447A-91B0-ABCD57010997}.Release|x86.Build.0 = Release|Any CPU
		{C10ACD12-089D-4DE2-A786-128C0CC9D956}.Debug|Any CPU.ActiveCfg = Debug|Any CPU
		{C10ACD12-089D-4DE2-A786-128C0CC9D956}.Debug|Any CPU.Build.0 = Debug|Any CPU
		{C10ACD12-089D-4DE2-A786-128C0CC9D956}.Debug|x64.ActiveCfg = Debug|Any CPU
		{C10ACD12-089D-4DE2-A786-128C0CC9D956}.Debug|x64.Build.0 = Debug|Any CPU
		{C10ACD12-089D-4DE2-A786-128C0CC9D956}.Debug|x86.ActiveCfg = Debug|Any CPU
		{C10ACD12-089D-4DE2-A786-128C0CC9D956}.Debug|x86.Build.0 = Debug|Any CPU
		{C10ACD12-089D-4DE2-A786-128C0CC9D956}.Release|Any CPU.ActiveCfg = Release|Any CPU
		{C10ACD12-089D-4DE2-A786-128C0CC9D956}.Release|Any CPU.Build.0 = Release|Any CPU
		{C10ACD12-089D-4DE2-A786-128C0CC9D956}.Release|x64.ActiveCfg = Release|Any CPU
		{C10ACD12-089D-4DE2-A786-128C0CC9D956}.Release|x64.Build.0 = Release|Any CPU
		{C10ACD12-089D-4DE2-A786-128C0CC9D956}.Release|x86.ActiveCfg = Release|Any CPU
		{C10ACD12-089D-4DE2-A786-128C0CC9D956}.Release|x86.Build.0 = Release|Any CPU
		{8F78EC92-0763-4AA1-93FE-0C5CFC775B77}.Debug|Any CPU.ActiveCfg = Debug|Any CPU
		{8F78EC92-0763-4AA1-93FE-0C5CFC775B77}.Debug|Any CPU.Build.0 = Debug|Any CPU
		{8F78EC92-0763-4AA1-93FE-0C5CFC775B77}.Debug|x64.ActiveCfg = Debug|Any CPU
		{8F78EC92-0763-4AA1-93FE-0C5CFC775B77}.Debug|x64.Build.0 = Debug|Any CPU
		{8F78EC92-0763-4AA1-93FE-0C5CFC775B77}.Debug|x86.ActiveCfg = Debug|Any CPU
		{8F78EC92-0763-4AA1-93FE-0C5CFC775B77}.Debug|x86.Build.0 = Debug|Any CPU
		{8F78EC92-0763-4AA1-93FE-0C5CFC775B77}.Release|Any CPU.ActiveCfg = Release|Any CPU
		{8F78EC92-0763-4AA1-93FE-0C5CFC775B77}.Release|Any CPU.Build.0 = Release|Any CPU
		{8F78EC92-0763-4AA1-93FE-0C5CFC775B77}.Release|x64.ActiveCfg = Release|Any CPU
		{8F78EC92-0763-4AA1-93FE-0C5CFC775B77}.Release|x64.Build.0 = Release|Any CPU
		{8F78EC92-0763-4AA1-93FE-0C5CFC775B77}.Release|x86.ActiveCfg = Release|Any CPU
		{8F78EC92-0763-4AA1-93FE-0C5CFC775B77}.Release|x86.Build.0 = Release|Any CPU
		{739DA6A8-E2B7-4419-8094-20CFEC178A82}.Debug|Any CPU.ActiveCfg = Debug|Any CPU
		{739DA6A8-E2B7-4419-8094-20CFEC178A82}.Debug|Any CPU.Build.0 = Debug|Any CPU
		{739DA6A8-E2B7-4419-8094-20CFEC178A82}.Debug|x64.ActiveCfg = Debug|Any CPU
		{739DA6A8-E2B7-4419-8094-20CFEC178A82}.Debug|x64.Build.0 = Debug|Any CPU
		{739DA6A8-E2B7-4419-8094-20CFEC178A82}.Debug|x86.ActiveCfg = Debug|Any CPU
		{739DA6A8-E2B7-4419-8094-20CFEC178A82}.Debug|x86.Build.0 = Debug|Any CPU
		{739DA6A8-E2B7-4419-8094-20CFEC178A82}.Release|Any CPU.ActiveCfg = Release|Any CPU
		{739DA6A8-E2B7-4419-8094-20CFEC178A82}.Release|Any CPU.Build.0 = Release|Any CPU
		{739DA6A8-E2B7-4419-8094-20CFEC178A82}.Release|x64.ActiveCfg = Release|Any CPU
		{739DA6A8-E2B7-4419-8094-20CFEC178A82}.Release|x64.Build.0 = Release|Any CPU
		{739DA6A8-E2B7-4419-8094-20CFEC178A82}.Release|x86.ActiveCfg = Release|Any CPU
		{739DA6A8-E2B7-4419-8094-20CFEC178A82}.Release|x86.Build.0 = Release|Any CPU
		{9DDE2997-EC40-4651-A9B1-9E56FCCEFB1F}.Debug|Any CPU.ActiveCfg = Debug|Any CPU
		{9DDE2997-EC40-4651-A9B1-9E56FCCEFB1F}.Debug|Any CPU.Build.0 = Debug|Any CPU
		{9DDE2997-EC40-4651-A9B1-9E56FCCEFB1F}.Debug|x64.ActiveCfg = Debug|Any CPU
		{9DDE2997-EC40-4651-A9B1-9E56FCCEFB1F}.Debug|x64.Build.0 = Debug|Any CPU
		{9DDE2997-EC40-4651-A9B1-9E56FCCEFB1F}.Debug|x86.ActiveCfg = Debug|Any CPU
		{9DDE2997-EC40-4651-A9B1-9E56FCCEFB1F}.Debug|x86.Build.0 = Debug|Any CPU
		{9DDE2997-EC40-4651-A9B1-9E56FCCEFB1F}.Release|Any CPU.ActiveCfg = Release|Any CPU
		{9DDE2997-EC40-4651-A9B1-9E56FCCEFB1F}.Release|Any CPU.Build.0 = Release|Any CPU
		{9DDE2997-EC40-4651-A9B1-9E56FCCEFB1F}.Release|x64.ActiveCfg = Release|Any CPU
		{9DDE2997-EC40-4651-A9B1-9E56FCCEFB1F}.Release|x64.Build.0 = Release|Any CPU
		{9DDE2997-EC40-4651-A9B1-9E56FCCEFB1F}.Release|x86.ActiveCfg = Release|Any CPU
		{9DDE2997-EC40-4651-A9B1-9E56FCCEFB1F}.Release|x86.Build.0 = Release|Any CPU
		{2B030020-CCEF-48E3-BDB8-84DC907D2EB4}.Debug|Any CPU.ActiveCfg = Debug|Any CPU
		{2B030020-CCEF-48E3-BDB8-84DC907D2EB4}.Debug|Any CPU.Build.0 = Debug|Any CPU
		{2B030020-CCEF-48E3-BDB8-84DC907D2EB4}.Debug|x64.ActiveCfg = Debug|Any CPU
		{2B030020-CCEF-48E3-BDB8-84DC907D2EB4}.Debug|x64.Build.0 = Debug|Any CPU
		{2B030020-CCEF-48E3-BDB8-84DC907D2EB4}.Debug|x86.ActiveCfg = Debug|Any CPU
		{2B030020-CCEF-48E3-BDB8-84DC907D2EB4}.Debug|x86.Build.0 = Debug|Any CPU
		{2B030020-CCEF-48E3-BDB8-84DC907D2EB4}.Release|Any CPU.ActiveCfg = Release|Any CPU
		{2B030020-CCEF-48E3-BDB8-84DC907D2EB4}.Release|Any CPU.Build.0 = Release|Any CPU
		{2B030020-CCEF-48E3-BDB8-84DC907D2EB4}.Release|x64.ActiveCfg = Release|Any CPU
		{2B030020-CCEF-48E3-BDB8-84DC907D2EB4}.Release|x64.Build.0 = Release|Any CPU
		{2B030020-CCEF-48E3-BDB8-84DC907D2EB4}.Release|x86.ActiveCfg = Release|Any CPU
		{2B030020-CCEF-48E3-BDB8-84DC907D2EB4}.Release|x86.Build.0 = Release|Any CPU
		{D7CDDEA7-1E1F-4BD0-9292-008A7B67AE31}.Debug|Any CPU.ActiveCfg = Debug|Any CPU
		{D7CDDEA7-1E1F-4BD0-9292-008A7B67AE31}.Debug|Any CPU.Build.0 = Debug|Any CPU
		{D7CDDEA7-1E1F-4BD0-9292-008A7B67AE31}.Debug|x64.ActiveCfg = Debug|Any CPU
		{D7CDDEA7-1E1F-4BD0-9292-008A7B67AE31}.Debug|x64.Build.0 = Debug|Any CPU
		{D7CDDEA7-1E1F-4BD0-9292-008A7B67AE31}.Debug|x86.ActiveCfg = Debug|Any CPU
		{D7CDDEA7-1E1F-4BD0-9292-008A7B67AE31}.Debug|x86.Build.0 = Debug|Any CPU
		{D7CDDEA7-1E1F-4BD0-9292-008A7B67AE31}.Release|Any CPU.ActiveCfg = Release|Any CPU
		{D7CDDEA7-1E1F-4BD0-9292-008A7B67AE31}.Release|Any CPU.Build.0 = Release|Any CPU
		{D7CDDEA7-1E1F-4BD0-9292-008A7B67AE31}.Release|x64.ActiveCfg = Release|Any CPU
		{D7CDDEA7-1E1F-4BD0-9292-008A7B67AE31}.Release|x64.Build.0 = Release|Any CPU
		{D7CDDEA7-1E1F-4BD0-9292-008A7B67AE31}.Release|x86.ActiveCfg = Release|Any CPU
		{D7CDDEA7-1E1F-4BD0-9292-008A7B67AE31}.Release|x86.Build.0 = Release|Any CPU
		{34AE86CF-6471-4E8D-B0BE-18F6D55E2637}.Debug|Any CPU.ActiveCfg = Debug|Any CPU
		{34AE86CF-6471-4E8D-B0BE-18F6D55E2637}.Debug|Any CPU.Build.0 = Debug|Any CPU
		{34AE86CF-6471-4E8D-B0BE-18F6D55E2637}.Debug|x64.ActiveCfg = Debug|Any CPU
		{34AE86CF-6471-4E8D-B0BE-18F6D55E2637}.Debug|x64.Build.0 = Debug|Any CPU
		{34AE86CF-6471-4E8D-B0BE-18F6D55E2637}.Debug|x86.ActiveCfg = Debug|Any CPU
		{34AE86CF-6471-4E8D-B0BE-18F6D55E2637}.Debug|x86.Build.0 = Debug|Any CPU
		{34AE86CF-6471-4E8D-B0BE-18F6D55E2637}.Release|Any CPU.ActiveCfg = Release|Any CPU
		{34AE86CF-6471-4E8D-B0BE-18F6D55E2637}.Release|Any CPU.Build.0 = Release|Any CPU
		{34AE86CF-6471-4E8D-B0BE-18F6D55E2637}.Release|x64.ActiveCfg = Release|Any CPU
		{34AE86CF-6471-4E8D-B0BE-18F6D55E2637}.Release|x64.Build.0 = Release|Any CPU
		{34AE86CF-6471-4E8D-B0BE-18F6D55E2637}.Release|x86.ActiveCfg = Release|Any CPU
		{34AE86CF-6471-4E8D-B0BE-18F6D55E2637}.Release|x86.Build.0 = Release|Any CPU
		{0AF866F1-61D7-4DA6-85AE-6B0C3CDDF71F}.Debug|Any CPU.ActiveCfg = Debug|Any CPU
		{0AF866F1-61D7-4DA6-85AE-6B0C3CDDF71F}.Debug|Any CPU.Build.0 = Debug|Any CPU
		{0AF866F1-61D7-4DA6-85AE-6B0C3CDDF71F}.Debug|x64.ActiveCfg = Debug|Any CPU
		{0AF866F1-61D7-4DA6-85AE-6B0C3CDDF71F}.Debug|x64.Build.0 = Debug|Any CPU
		{0AF866F1-61D7-4DA6-85AE-6B0C3CDDF71F}.Debug|x86.ActiveCfg = Debug|Any CPU
		{0AF866F1-61D7-4DA6-85AE-6B0C3CDDF71F}.Debug|x86.Build.0 = Debug|Any CPU
		{0AF866F1-61D7-4DA6-85AE-6B0C3CDDF71F}.Release|Any CPU.ActiveCfg = Release|Any CPU
		{0AF866F1-61D7-4DA6-85AE-6B0C3CDDF71F}.Release|Any CPU.Build.0 = Release|Any CPU
		{0AF866F1-61D7-4DA6-85AE-6B0C3CDDF71F}.Release|x64.ActiveCfg = Release|Any CPU
		{0AF866F1-61D7-4DA6-85AE-6B0C3CDDF71F}.Release|x64.Build.0 = Release|Any CPU
		{0AF866F1-61D7-4DA6-85AE-6B0C3CDDF71F}.Release|x86.ActiveCfg = Release|Any CPU
		{0AF866F1-61D7-4DA6-85AE-6B0C3CDDF71F}.Release|x86.Build.0 = Release|Any CPU
		{B6D3E8FE-78CA-4BDB-AB28-EC95B06C8A4F}.Debug|Any CPU.ActiveCfg = Debug|Any CPU
		{B6D3E8FE-78CA-4BDB-AB28-EC95B06C8A4F}.Debug|Any CPU.Build.0 = Debug|Any CPU
		{B6D3E8FE-78CA-4BDB-AB28-EC95B06C8A4F}.Debug|x64.ActiveCfg = Debug|Any CPU
		{B6D3E8FE-78CA-4BDB-AB28-EC95B06C8A4F}.Debug|x64.Build.0 = Debug|Any CPU
		{B6D3E8FE-78CA-4BDB-AB28-EC95B06C8A4F}.Debug|x86.ActiveCfg = Debug|Any CPU
		{B6D3E8FE-78CA-4BDB-AB28-EC95B06C8A4F}.Debug|x86.Build.0 = Debug|Any CPU
		{B6D3E8FE-78CA-4BDB-AB28-EC95B06C8A4F}.Release|Any CPU.ActiveCfg = Release|Any CPU
		{B6D3E8FE-78CA-4BDB-AB28-EC95B06C8A4F}.Release|Any CPU.Build.0 = Release|Any CPU
		{B6D3E8FE-78CA-4BDB-AB28-EC95B06C8A4F}.Release|x64.ActiveCfg = Release|Any CPU
		{B6D3E8FE-78CA-4BDB-AB28-EC95B06C8A4F}.Release|x64.Build.0 = Release|Any CPU
		{B6D3E8FE-78CA-4BDB-AB28-EC95B06C8A4F}.Release|x86.ActiveCfg = Release|Any CPU
		{B6D3E8FE-78CA-4BDB-AB28-EC95B06C8A4F}.Release|x86.Build.0 = Release|Any CPU
		{3C178BAB-561C-4216-B062-43DCF506FDDA}.Debug|Any CPU.ActiveCfg = Debug|Any CPU
		{3C178BAB-561C-4216-B062-43DCF506FDDA}.Debug|Any CPU.Build.0 = Debug|Any CPU
		{3C178BAB-561C-4216-B062-43DCF506FDDA}.Debug|x64.ActiveCfg = Debug|Any CPU
		{3C178BAB-561C-4216-B062-43DCF506FDDA}.Debug|x64.Build.0 = Debug|Any CPU
		{3C178BAB-561C-4216-B062-43DCF506FDDA}.Debug|x86.ActiveCfg = Debug|Any CPU
		{3C178BAB-561C-4216-B062-43DCF506FDDA}.Debug|x86.Build.0 = Debug|Any CPU
		{3C178BAB-561C-4216-B062-43DCF506FDDA}.Release|Any CPU.ActiveCfg = Release|Any CPU
		{3C178BAB-561C-4216-B062-43DCF506FDDA}.Release|Any CPU.Build.0 = Release|Any CPU
		{3C178BAB-561C-4216-B062-43DCF506FDDA}.Release|x64.ActiveCfg = Release|Any CPU
		{3C178BAB-561C-4216-B062-43DCF506FDDA}.Release|x64.Build.0 = Release|Any CPU
		{3C178BAB-561C-4216-B062-43DCF506FDDA}.Release|x86.ActiveCfg = Release|Any CPU
		{3C178BAB-561C-4216-B062-43DCF506FDDA}.Release|x86.Build.0 = Release|Any CPU
		{93162F8E-51C1-4F4A-9F9D-0F3F2AB6B156}.Debug|Any CPU.ActiveCfg = Debug|Any CPU
		{93162F8E-51C1-4F4A-9F9D-0F3F2AB6B156}.Debug|Any CPU.Build.0 = Debug|Any CPU
		{93162F8E-51C1-4F4A-9F9D-0F3F2AB6B156}.Debug|x64.ActiveCfg = Debug|Any CPU
		{93162F8E-51C1-4F4A-9F9D-0F3F2AB6B156}.Debug|x64.Build.0 = Debug|Any CPU
		{93162F8E-51C1-4F4A-9F9D-0F3F2AB6B156}.Debug|x86.ActiveCfg = Debug|Any CPU
		{93162F8E-51C1-4F4A-9F9D-0F3F2AB6B156}.Debug|x86.Build.0 = Debug|Any CPU
		{93162F8E-51C1-4F4A-9F9D-0F3F2AB6B156}.Release|Any CPU.ActiveCfg = Release|Any CPU
		{93162F8E-51C1-4F4A-9F9D-0F3F2AB6B156}.Release|Any CPU.Build.0 = Release|Any CPU
		{93162F8E-51C1-4F4A-9F9D-0F3F2AB6B156}.Release|x64.ActiveCfg = Release|Any CPU
		{93162F8E-51C1-4F4A-9F9D-0F3F2AB6B156}.Release|x64.Build.0 = Release|Any CPU
		{93162F8E-51C1-4F4A-9F9D-0F3F2AB6B156}.Release|x86.ActiveCfg = Release|Any CPU
		{93162F8E-51C1-4F4A-9F9D-0F3F2AB6B156}.Release|x86.Build.0 = Release|Any CPU
		{A0B5C266-C204-4E6C-87D2-BCC20F94C9CD}.Debug|Any CPU.ActiveCfg = Debug|Any CPU
		{A0B5C266-C204-4E6C-87D2-BCC20F94C9CD}.Debug|Any CPU.Build.0 = Debug|Any CPU
		{A0B5C266-C204-4E6C-87D2-BCC20F94C9CD}.Debug|x64.ActiveCfg = Debug|Any CPU
		{A0B5C266-C204-4E6C-87D2-BCC20F94C9CD}.Debug|x64.Build.0 = Debug|Any CPU
		{A0B5C266-C204-4E6C-87D2-BCC20F94C9CD}.Debug|x86.ActiveCfg = Debug|Any CPU
		{A0B5C266-C204-4E6C-87D2-BCC20F94C9CD}.Debug|x86.Build.0 = Debug|Any CPU
		{A0B5C266-C204-4E6C-87D2-BCC20F94C9CD}.Release|Any CPU.ActiveCfg = Release|Any CPU
		{A0B5C266-C204-4E6C-87D2-BCC20F94C9CD}.Release|Any CPU.Build.0 = Release|Any CPU
		{A0B5C266-C204-4E6C-87D2-BCC20F94C9CD}.Release|x64.ActiveCfg = Release|Any CPU
		{A0B5C266-C204-4E6C-87D2-BCC20F94C9CD}.Release|x64.Build.0 = Release|Any CPU
		{A0B5C266-C204-4E6C-87D2-BCC20F94C9CD}.Release|x86.ActiveCfg = Release|Any CPU
		{A0B5C266-C204-4E6C-87D2-BCC20F94C9CD}.Release|x86.Build.0 = Release|Any CPU
		{F91EE65A-9AC7-439B-858E-E7C6FAA27463}.Debug|Any CPU.ActiveCfg = Debug|Any CPU
		{F91EE65A-9AC7-439B-858E-E7C6FAA27463}.Debug|Any CPU.Build.0 = Debug|Any CPU
		{F91EE65A-9AC7-439B-858E-E7C6FAA27463}.Debug|x64.ActiveCfg = Debug|Any CPU
		{F91EE65A-9AC7-439B-858E-E7C6FAA27463}.Debug|x64.Build.0 = Debug|Any CPU
		{F91EE65A-9AC7-439B-858E-E7C6FAA27463}.Debug|x86.ActiveCfg = Debug|Any CPU
		{F91EE65A-9AC7-439B-858E-E7C6FAA27463}.Debug|x86.Build.0 = Debug|Any CPU
		{F91EE65A-9AC7-439B-858E-E7C6FAA27463}.Release|Any CPU.ActiveCfg = Release|Any CPU
		{F91EE65A-9AC7-439B-858E-E7C6FAA27463}.Release|Any CPU.Build.0 = Release|Any CPU
		{F91EE65A-9AC7-439B-858E-E7C6FAA27463}.Release|x64.ActiveCfg = Release|Any CPU
		{F91EE65A-9AC7-439B-858E-E7C6FAA27463}.Release|x64.Build.0 = Release|Any CPU
		{F91EE65A-9AC7-439B-858E-E7C6FAA27463}.Release|x86.ActiveCfg = Release|Any CPU
		{F91EE65A-9AC7-439B-858E-E7C6FAA27463}.Release|x86.Build.0 = Release|Any CPU
		{730A5989-8B20-4C95-ABEB-C73E661914BB}.Debug|Any CPU.ActiveCfg = Debug|Any CPU
		{730A5989-8B20-4C95-ABEB-C73E661914BB}.Debug|Any CPU.Build.0 = Debug|Any CPU
		{730A5989-8B20-4C95-ABEB-C73E661914BB}.Debug|x64.ActiveCfg = Debug|Any CPU
		{730A5989-8B20-4C95-ABEB-C73E661914BB}.Debug|x64.Build.0 = Debug|Any CPU
		{730A5989-8B20-4C95-ABEB-C73E661914BB}.Debug|x86.ActiveCfg = Debug|Any CPU
		{730A5989-8B20-4C95-ABEB-C73E661914BB}.Debug|x86.Build.0 = Debug|Any CPU
		{730A5989-8B20-4C95-ABEB-C73E661914BB}.Release|Any CPU.ActiveCfg = Release|Any CPU
		{730A5989-8B20-4C95-ABEB-C73E661914BB}.Release|Any CPU.Build.0 = Release|Any CPU
		{730A5989-8B20-4C95-ABEB-C73E661914BB}.Release|x64.ActiveCfg = Release|Any CPU
		{730A5989-8B20-4C95-ABEB-C73E661914BB}.Release|x64.Build.0 = Release|Any CPU
		{730A5989-8B20-4C95-ABEB-C73E661914BB}.Release|x86.ActiveCfg = Release|Any CPU
		{730A5989-8B20-4C95-ABEB-C73E661914BB}.Release|x86.Build.0 = Release|Any CPU
		{3148DA21-CE5B-45C4-978F-46F7752B8F18}.Debug|Any CPU.ActiveCfg = Debug|Any CPU
		{3148DA21-CE5B-45C4-978F-46F7752B8F18}.Debug|Any CPU.Build.0 = Debug|Any CPU
		{3148DA21-CE5B-45C4-978F-46F7752B8F18}.Debug|x64.ActiveCfg = Debug|Any CPU
		{3148DA21-CE5B-45C4-978F-46F7752B8F18}.Debug|x64.Build.0 = Debug|Any CPU
		{3148DA21-CE5B-45C4-978F-46F7752B8F18}.Debug|x86.ActiveCfg = Debug|Any CPU
		{3148DA21-CE5B-45C4-978F-46F7752B8F18}.Debug|x86.Build.0 = Debug|Any CPU
		{3148DA21-CE5B-45C4-978F-46F7752B8F18}.Release|Any CPU.ActiveCfg = Release|Any CPU
		{3148DA21-CE5B-45C4-978F-46F7752B8F18}.Release|Any CPU.Build.0 = Release|Any CPU
		{3148DA21-CE5B-45C4-978F-46F7752B8F18}.Release|x64.ActiveCfg = Release|Any CPU
		{3148DA21-CE5B-45C4-978F-46F7752B8F18}.Release|x64.Build.0 = Release|Any CPU
		{3148DA21-CE5B-45C4-978F-46F7752B8F18}.Release|x86.ActiveCfg = Release|Any CPU
		{3148DA21-CE5B-45C4-978F-46F7752B8F18}.Release|x86.Build.0 = Release|Any CPU
		{812A844A-B26E-4AA0-8C21-9167EA5022D8}.Debug|Any CPU.ActiveCfg = Debug|Any CPU
		{812A844A-B26E-4AA0-8C21-9167EA5022D8}.Debug|Any CPU.Build.0 = Debug|Any CPU
		{812A844A-B26E-4AA0-8C21-9167EA5022D8}.Debug|x64.ActiveCfg = Debug|Any CPU
		{812A844A-B26E-4AA0-8C21-9167EA5022D8}.Debug|x64.Build.0 = Debug|Any CPU
		{812A844A-B26E-4AA0-8C21-9167EA5022D8}.Debug|x86.ActiveCfg = Debug|Any CPU
		{812A844A-B26E-4AA0-8C21-9167EA5022D8}.Debug|x86.Build.0 = Debug|Any CPU
		{812A844A-B26E-4AA0-8C21-9167EA5022D8}.Release|Any CPU.ActiveCfg = Release|Any CPU
		{812A844A-B26E-4AA0-8C21-9167EA5022D8}.Release|Any CPU.Build.0 = Release|Any CPU
		{812A844A-B26E-4AA0-8C21-9167EA5022D8}.Release|x64.ActiveCfg = Release|Any CPU
		{812A844A-B26E-4AA0-8C21-9167EA5022D8}.Release|x64.Build.0 = Release|Any CPU
		{812A844A-B26E-4AA0-8C21-9167EA5022D8}.Release|x86.ActiveCfg = Release|Any CPU
		{812A844A-B26E-4AA0-8C21-9167EA5022D8}.Release|x86.Build.0 = Release|Any CPU
		{413384F6-7DB6-4FEF-A1AB-F283948D92E4}.Debug|Any CPU.ActiveCfg = Debug|Any CPU
		{413384F6-7DB6-4FEF-A1AB-F283948D92E4}.Debug|Any CPU.Build.0 = Debug|Any CPU
		{413384F6-7DB6-4FEF-A1AB-F283948D92E4}.Debug|x64.ActiveCfg = Debug|Any CPU
		{413384F6-7DB6-4FEF-A1AB-F283948D92E4}.Debug|x64.Build.0 = Debug|Any CPU
		{413384F6-7DB6-4FEF-A1AB-F283948D92E4}.Debug|x86.ActiveCfg = Debug|Any CPU
		{413384F6-7DB6-4FEF-A1AB-F283948D92E4}.Debug|x86.Build.0 = Debug|Any CPU
		{413384F6-7DB6-4FEF-A1AB-F283948D92E4}.Release|Any CPU.ActiveCfg = Release|Any CPU
		{413384F6-7DB6-4FEF-A1AB-F283948D92E4}.Release|Any CPU.Build.0 = Release|Any CPU
		{413384F6-7DB6-4FEF-A1AB-F283948D92E4}.Release|x64.ActiveCfg = Release|Any CPU
		{413384F6-7DB6-4FEF-A1AB-F283948D92E4}.Release|x64.Build.0 = Release|Any CPU
		{413384F6-7DB6-4FEF-A1AB-F283948D92E4}.Release|x86.ActiveCfg = Release|Any CPU
		{413384F6-7DB6-4FEF-A1AB-F283948D92E4}.Release|x86.Build.0 = Release|Any CPU
		{81CF9E11-C4CF-4DD1-A43E-70F4D9E4D52B}.Debug|Any CPU.ActiveCfg = Debug|Any CPU
		{81CF9E11-C4CF-4DD1-A43E-70F4D9E4D52B}.Debug|Any CPU.Build.0 = Debug|Any CPU
		{81CF9E11-C4CF-4DD1-A43E-70F4D9E4D52B}.Debug|x64.ActiveCfg = Debug|Any CPU
		{81CF9E11-C4CF-4DD1-A43E-70F4D9E4D52B}.Debug|x64.Build.0 = Debug|Any CPU
		{81CF9E11-C4CF-4DD1-A43E-70F4D9E4D52B}.Debug|x86.ActiveCfg = Debug|Any CPU
		{81CF9E11-C4CF-4DD1-A43E-70F4D9E4D52B}.Debug|x86.Build.0 = Debug|Any CPU
		{81CF9E11-C4CF-4DD1-A43E-70F4D9E4D52B}.Release|Any CPU.ActiveCfg = Release|Any CPU
		{81CF9E11-C4CF-4DD1-A43E-70F4D9E4D52B}.Release|Any CPU.Build.0 = Release|Any CPU
		{81CF9E11-C4CF-4DD1-A43E-70F4D9E4D52B}.Release|x64.ActiveCfg = Release|Any CPU
		{81CF9E11-C4CF-4DD1-A43E-70F4D9E4D52B}.Release|x64.Build.0 = Release|Any CPU
		{81CF9E11-C4CF-4DD1-A43E-70F4D9E4D52B}.Release|x86.ActiveCfg = Release|Any CPU
		{81CF9E11-C4CF-4DD1-A43E-70F4D9E4D52B}.Release|x86.Build.0 = Release|Any CPU
		{038837E9-8BA1-4AC4-B891-8537A7A54CB2}.Debug|Any CPU.ActiveCfg = Debug|Any CPU
		{038837E9-8BA1-4AC4-B891-8537A7A54CB2}.Debug|Any CPU.Build.0 = Debug|Any CPU
		{038837E9-8BA1-4AC4-B891-8537A7A54CB2}.Debug|x64.ActiveCfg = Debug|Any CPU
		{038837E9-8BA1-4AC4-B891-8537A7A54CB2}.Debug|x64.Build.0 = Debug|Any CPU
		{038837E9-8BA1-4AC4-B891-8537A7A54CB2}.Debug|x86.ActiveCfg = Debug|Any CPU
		{038837E9-8BA1-4AC4-B891-8537A7A54CB2}.Debug|x86.Build.0 = Debug|Any CPU
		{038837E9-8BA1-4AC4-B891-8537A7A54CB2}.Release|Any CPU.ActiveCfg = Release|Any CPU
		{038837E9-8BA1-4AC4-B891-8537A7A54CB2}.Release|Any CPU.Build.0 = Release|Any CPU
		{038837E9-8BA1-4AC4-B891-8537A7A54CB2}.Release|x64.ActiveCfg = Release|Any CPU
		{038837E9-8BA1-4AC4-B891-8537A7A54CB2}.Release|x64.Build.0 = Release|Any CPU
		{038837E9-8BA1-4AC4-B891-8537A7A54CB2}.Release|x86.ActiveCfg = Release|Any CPU
		{038837E9-8BA1-4AC4-B891-8537A7A54CB2}.Release|x86.Build.0 = Release|Any CPU
		{58239539-263D-4221-A202-01196D15A5DB}.Debug|Any CPU.ActiveCfg = Debug|Any CPU
		{58239539-263D-4221-A202-01196D15A5DB}.Debug|Any CPU.Build.0 = Debug|Any CPU
		{58239539-263D-4221-A202-01196D15A5DB}.Debug|x64.ActiveCfg = Debug|Any CPU
		{58239539-263D-4221-A202-01196D15A5DB}.Debug|x64.Build.0 = Debug|Any CPU
		{58239539-263D-4221-A202-01196D15A5DB}.Debug|x86.ActiveCfg = Debug|Any CPU
		{58239539-263D-4221-A202-01196D15A5DB}.Debug|x86.Build.0 = Debug|Any CPU
		{58239539-263D-4221-A202-01196D15A5DB}.Release|Any CPU.ActiveCfg = Release|Any CPU
		{58239539-263D-4221-A202-01196D15A5DB}.Release|Any CPU.Build.0 = Release|Any CPU
		{58239539-263D-4221-A202-01196D15A5DB}.Release|x64.ActiveCfg = Release|Any CPU
		{58239539-263D-4221-A202-01196D15A5DB}.Release|x64.Build.0 = Release|Any CPU
		{58239539-263D-4221-A202-01196D15A5DB}.Release|x86.ActiveCfg = Release|Any CPU
		{58239539-263D-4221-A202-01196D15A5DB}.Release|x86.Build.0 = Release|Any CPU
		{143769F9-59E0-4445-BBB8-53E967E3999C}.Debug|Any CPU.ActiveCfg = Debug|Any CPU
		{143769F9-59E0-4445-BBB8-53E967E3999C}.Debug|Any CPU.Build.0 = Debug|Any CPU
		{143769F9-59E0-4445-BBB8-53E967E3999C}.Debug|x64.ActiveCfg = Debug|Any CPU
		{143769F9-59E0-4445-BBB8-53E967E3999C}.Debug|x64.Build.0 = Debug|Any CPU
		{143769F9-59E0-4445-BBB8-53E967E3999C}.Debug|x86.ActiveCfg = Debug|Any CPU
		{143769F9-59E0-4445-BBB8-53E967E3999C}.Debug|x86.Build.0 = Debug|Any CPU
		{143769F9-59E0-4445-BBB8-53E967E3999C}.Release|Any CPU.ActiveCfg = Release|Any CPU
		{143769F9-59E0-4445-BBB8-53E967E3999C}.Release|Any CPU.Build.0 = Release|Any CPU
		{143769F9-59E0-4445-BBB8-53E967E3999C}.Release|x64.ActiveCfg = Release|Any CPU
		{143769F9-59E0-4445-BBB8-53E967E3999C}.Release|x64.Build.0 = Release|Any CPU
		{143769F9-59E0-4445-BBB8-53E967E3999C}.Release|x86.ActiveCfg = Release|Any CPU
		{143769F9-59E0-4445-BBB8-53E967E3999C}.Release|x86.Build.0 = Release|Any CPU
		{DB4F5F42-32F6-4B68-A3B2-9FC777DBE09A}.Debug|Any CPU.ActiveCfg = Debug|Any CPU
		{DB4F5F42-32F6-4B68-A3B2-9FC777DBE09A}.Debug|Any CPU.Build.0 = Debug|Any CPU
		{DB4F5F42-32F6-4B68-A3B2-9FC777DBE09A}.Debug|x64.ActiveCfg = Debug|Any CPU
		{DB4F5F42-32F6-4B68-A3B2-9FC777DBE09A}.Debug|x64.Build.0 = Debug|Any CPU
		{DB4F5F42-32F6-4B68-A3B2-9FC777DBE09A}.Debug|x86.ActiveCfg = Debug|Any CPU
		{DB4F5F42-32F6-4B68-A3B2-9FC777DBE09A}.Debug|x86.Build.0 = Debug|Any CPU
		{DB4F5F42-32F6-4B68-A3B2-9FC777DBE09A}.Release|Any CPU.ActiveCfg = Release|Any CPU
		{DB4F5F42-32F6-4B68-A3B2-9FC777DBE09A}.Release|Any CPU.Build.0 = Release|Any CPU
		{DB4F5F42-32F6-4B68-A3B2-9FC777DBE09A}.Release|x64.ActiveCfg = Release|Any CPU
		{DB4F5F42-32F6-4B68-A3B2-9FC777DBE09A}.Release|x64.Build.0 = Release|Any CPU
		{DB4F5F42-32F6-4B68-A3B2-9FC777DBE09A}.Release|x86.ActiveCfg = Release|Any CPU
		{DB4F5F42-32F6-4B68-A3B2-9FC777DBE09A}.Release|x86.Build.0 = Release|Any CPU
		{D5376418-A91D-4FBB-98EF-BB8645F74638}.Debug|Any CPU.ActiveCfg = Debug|Any CPU
		{D5376418-A91D-4FBB-98EF-BB8645F74638}.Debug|Any CPU.Build.0 = Debug|Any CPU
		{D5376418-A91D-4FBB-98EF-BB8645F74638}.Debug|x64.ActiveCfg = Debug|Any CPU
		{D5376418-A91D-4FBB-98EF-BB8645F74638}.Debug|x64.Build.0 = Debug|Any CPU
		{D5376418-A91D-4FBB-98EF-BB8645F74638}.Debug|x86.ActiveCfg = Debug|Any CPU
		{D5376418-A91D-4FBB-98EF-BB8645F74638}.Debug|x86.Build.0 = Debug|Any CPU
		{D5376418-A91D-4FBB-98EF-BB8645F74638}.Release|Any CPU.ActiveCfg = Release|Any CPU
		{D5376418-A91D-4FBB-98EF-BB8645F74638}.Release|Any CPU.Build.0 = Release|Any CPU
		{D5376418-A91D-4FBB-98EF-BB8645F74638}.Release|x64.ActiveCfg = Release|Any CPU
		{D5376418-A91D-4FBB-98EF-BB8645F74638}.Release|x64.Build.0 = Release|Any CPU
		{D5376418-A91D-4FBB-98EF-BB8645F74638}.Release|x86.ActiveCfg = Release|Any CPU
		{D5376418-A91D-4FBB-98EF-BB8645F74638}.Release|x86.Build.0 = Release|Any CPU
		{04778F17-5D89-4A31-9643-94A29FF43BF1}.Debug|Any CPU.ActiveCfg = Debug|Any CPU
		{04778F17-5D89-4A31-9643-94A29FF43BF1}.Debug|Any CPU.Build.0 = Debug|Any CPU
		{04778F17-5D89-4A31-9643-94A29FF43BF1}.Debug|x64.ActiveCfg = Debug|Any CPU
		{04778F17-5D89-4A31-9643-94A29FF43BF1}.Debug|x64.Build.0 = Debug|Any CPU
		{04778F17-5D89-4A31-9643-94A29FF43BF1}.Debug|x86.ActiveCfg = Debug|Any CPU
		{04778F17-5D89-4A31-9643-94A29FF43BF1}.Debug|x86.Build.0 = Debug|Any CPU
		{04778F17-5D89-4A31-9643-94A29FF43BF1}.Release|Any CPU.ActiveCfg = Release|Any CPU
		{04778F17-5D89-4A31-9643-94A29FF43BF1}.Release|Any CPU.Build.0 = Release|Any CPU
		{04778F17-5D89-4A31-9643-94A29FF43BF1}.Release|x64.ActiveCfg = Release|Any CPU
		{04778F17-5D89-4A31-9643-94A29FF43BF1}.Release|x64.Build.0 = Release|Any CPU
		{04778F17-5D89-4A31-9643-94A29FF43BF1}.Release|x86.ActiveCfg = Release|Any CPU
		{04778F17-5D89-4A31-9643-94A29FF43BF1}.Release|x86.Build.0 = Release|Any CPU
		{3F0330A5-54B8-4829-B829-8B22D494F42F}.Debug|Any CPU.ActiveCfg = Debug|Any CPU
		{3F0330A5-54B8-4829-B829-8B22D494F42F}.Debug|Any CPU.Build.0 = Debug|Any CPU
		{3F0330A5-54B8-4829-B829-8B22D494F42F}.Debug|x64.ActiveCfg = Debug|Any CPU
		{3F0330A5-54B8-4829-B829-8B22D494F42F}.Debug|x64.Build.0 = Debug|Any CPU
		{3F0330A5-54B8-4829-B829-8B22D494F42F}.Debug|x86.ActiveCfg = Debug|Any CPU
		{3F0330A5-54B8-4829-B829-8B22D494F42F}.Debug|x86.Build.0 = Debug|Any CPU
		{3F0330A5-54B8-4829-B829-8B22D494F42F}.Release|Any CPU.ActiveCfg = Release|Any CPU
		{3F0330A5-54B8-4829-B829-8B22D494F42F}.Release|Any CPU.Build.0 = Release|Any CPU
		{3F0330A5-54B8-4829-B829-8B22D494F42F}.Release|x64.ActiveCfg = Release|Any CPU
		{3F0330A5-54B8-4829-B829-8B22D494F42F}.Release|x64.Build.0 = Release|Any CPU
		{3F0330A5-54B8-4829-B829-8B22D494F42F}.Release|x86.ActiveCfg = Release|Any CPU
		{3F0330A5-54B8-4829-B829-8B22D494F42F}.Release|x86.Build.0 = Release|Any CPU
		{4AB816D3-E991-4B52-9635-300B4CAA453A}.Debug|Any CPU.ActiveCfg = Debug|Any CPU
		{4AB816D3-E991-4B52-9635-300B4CAA453A}.Debug|Any CPU.Build.0 = Debug|Any CPU
		{4AB816D3-E991-4B52-9635-300B4CAA453A}.Debug|x64.ActiveCfg = Debug|Any CPU
		{4AB816D3-E991-4B52-9635-300B4CAA453A}.Debug|x64.Build.0 = Debug|Any CPU
		{4AB816D3-E991-4B52-9635-300B4CAA453A}.Debug|x86.ActiveCfg = Debug|Any CPU
		{4AB816D3-E991-4B52-9635-300B4CAA453A}.Debug|x86.Build.0 = Debug|Any CPU
		{4AB816D3-E991-4B52-9635-300B4CAA453A}.Release|Any CPU.ActiveCfg = Release|Any CPU
		{4AB816D3-E991-4B52-9635-300B4CAA453A}.Release|Any CPU.Build.0 = Release|Any CPU
		{4AB816D3-E991-4B52-9635-300B4CAA453A}.Release|x64.ActiveCfg = Release|Any CPU
		{4AB816D3-E991-4B52-9635-300B4CAA453A}.Release|x64.Build.0 = Release|Any CPU
		{4AB816D3-E991-4B52-9635-300B4CAA453A}.Release|x86.ActiveCfg = Release|Any CPU
		{4AB816D3-E991-4B52-9635-300B4CAA453A}.Release|x86.Build.0 = Release|Any CPU
		{AC573E2C-72FA-41F6-9203-A1327D50FC1A}.Debug|Any CPU.ActiveCfg = Debug|Any CPU
		{AC573E2C-72FA-41F6-9203-A1327D50FC1A}.Debug|Any CPU.Build.0 = Debug|Any CPU
		{AC573E2C-72FA-41F6-9203-A1327D50FC1A}.Debug|x64.ActiveCfg = Debug|Any CPU
		{AC573E2C-72FA-41F6-9203-A1327D50FC1A}.Debug|x64.Build.0 = Debug|Any CPU
		{AC573E2C-72FA-41F6-9203-A1327D50FC1A}.Debug|x86.ActiveCfg = Debug|Any CPU
		{AC573E2C-72FA-41F6-9203-A1327D50FC1A}.Debug|x86.Build.0 = Debug|Any CPU
		{AC573E2C-72FA-41F6-9203-A1327D50FC1A}.Release|Any CPU.ActiveCfg = Release|Any CPU
		{AC573E2C-72FA-41F6-9203-A1327D50FC1A}.Release|Any CPU.Build.0 = Release|Any CPU
		{AC573E2C-72FA-41F6-9203-A1327D50FC1A}.Release|x64.ActiveCfg = Release|Any CPU
		{AC573E2C-72FA-41F6-9203-A1327D50FC1A}.Release|x64.Build.0 = Release|Any CPU
		{AC573E2C-72FA-41F6-9203-A1327D50FC1A}.Release|x86.ActiveCfg = Release|Any CPU
		{AC573E2C-72FA-41F6-9203-A1327D50FC1A}.Release|x86.Build.0 = Release|Any CPU
		{4DD85657-36A9-40FD-8CC9-7A3FC0F05398}.Debug|Any CPU.ActiveCfg = Debug|Any CPU
		{4DD85657-36A9-40FD-8CC9-7A3FC0F05398}.Debug|Any CPU.Build.0 = Debug|Any CPU
		{4DD85657-36A9-40FD-8CC9-7A3FC0F05398}.Debug|x64.ActiveCfg = Debug|Any CPU
		{4DD85657-36A9-40FD-8CC9-7A3FC0F05398}.Debug|x64.Build.0 = Debug|Any CPU
		{4DD85657-36A9-40FD-8CC9-7A3FC0F05398}.Debug|x86.ActiveCfg = Debug|Any CPU
		{4DD85657-36A9-40FD-8CC9-7A3FC0F05398}.Debug|x86.Build.0 = Debug|Any CPU
		{4DD85657-36A9-40FD-8CC9-7A3FC0F05398}.Release|Any CPU.ActiveCfg = Release|Any CPU
		{4DD85657-36A9-40FD-8CC9-7A3FC0F05398}.Release|Any CPU.Build.0 = Release|Any CPU
		{4DD85657-36A9-40FD-8CC9-7A3FC0F05398}.Release|x64.ActiveCfg = Release|Any CPU
		{4DD85657-36A9-40FD-8CC9-7A3FC0F05398}.Release|x64.Build.0 = Release|Any CPU
		{4DD85657-36A9-40FD-8CC9-7A3FC0F05398}.Release|x86.ActiveCfg = Release|Any CPU
		{4DD85657-36A9-40FD-8CC9-7A3FC0F05398}.Release|x86.Build.0 = Release|Any CPU
		{070E2C68-C5B7-4E0C-A078-3A9656EF4457}.Debug|Any CPU.ActiveCfg = Debug|Any CPU
		{070E2C68-C5B7-4E0C-A078-3A9656EF4457}.Debug|Any CPU.Build.0 = Debug|Any CPU
		{070E2C68-C5B7-4E0C-A078-3A9656EF4457}.Debug|x64.ActiveCfg = Debug|Any CPU
		{070E2C68-C5B7-4E0C-A078-3A9656EF4457}.Debug|x64.Build.0 = Debug|Any CPU
		{070E2C68-C5B7-4E0C-A078-3A9656EF4457}.Debug|x86.ActiveCfg = Debug|Any CPU
		{070E2C68-C5B7-4E0C-A078-3A9656EF4457}.Debug|x86.Build.0 = Debug|Any CPU
		{070E2C68-C5B7-4E0C-A078-3A9656EF4457}.Release|Any CPU.ActiveCfg = Release|Any CPU
		{070E2C68-C5B7-4E0C-A078-3A9656EF4457}.Release|Any CPU.Build.0 = Release|Any CPU
		{070E2C68-C5B7-4E0C-A078-3A9656EF4457}.Release|x64.ActiveCfg = Release|Any CPU
		{070E2C68-C5B7-4E0C-A078-3A9656EF4457}.Release|x64.Build.0 = Release|Any CPU
		{070E2C68-C5B7-4E0C-A078-3A9656EF4457}.Release|x86.ActiveCfg = Release|Any CPU
		{070E2C68-C5B7-4E0C-A078-3A9656EF4457}.Release|x86.Build.0 = Release|Any CPU
		{B87E75B8-E21C-4A5E-AF6D-2EB6458DFC97}.Debug|Any CPU.ActiveCfg = Debug|Any CPU
		{B87E75B8-E21C-4A5E-AF6D-2EB6458DFC97}.Debug|Any CPU.Build.0 = Debug|Any CPU
		{B87E75B8-E21C-4A5E-AF6D-2EB6458DFC97}.Debug|x64.ActiveCfg = Debug|Any CPU
		{B87E75B8-E21C-4A5E-AF6D-2EB6458DFC97}.Debug|x64.Build.0 = Debug|Any CPU
		{B87E75B8-E21C-4A5E-AF6D-2EB6458DFC97}.Debug|x86.ActiveCfg = Debug|Any CPU
		{B87E75B8-E21C-4A5E-AF6D-2EB6458DFC97}.Debug|x86.Build.0 = Debug|Any CPU
		{B87E75B8-E21C-4A5E-AF6D-2EB6458DFC97}.Release|Any CPU.ActiveCfg = Release|Any CPU
		{B87E75B8-E21C-4A5E-AF6D-2EB6458DFC97}.Release|Any CPU.Build.0 = Release|Any CPU
		{B87E75B8-E21C-4A5E-AF6D-2EB6458DFC97}.Release|x64.ActiveCfg = Release|Any CPU
		{B87E75B8-E21C-4A5E-AF6D-2EB6458DFC97}.Release|x64.Build.0 = Release|Any CPU
		{B87E75B8-E21C-4A5E-AF6D-2EB6458DFC97}.Release|x86.ActiveCfg = Release|Any CPU
		{B87E75B8-E21C-4A5E-AF6D-2EB6458DFC97}.Release|x86.Build.0 = Release|Any CPU
		{5F3939DE-0425-49F6-BA01-3693A63B390A}.Debug|Any CPU.ActiveCfg = Debug|Any CPU
		{5F3939DE-0425-49F6-BA01-3693A63B390A}.Debug|Any CPU.Build.0 = Debug|Any CPU
		{5F3939DE-0425-49F6-BA01-3693A63B390A}.Debug|x64.ActiveCfg = Debug|Any CPU
		{5F3939DE-0425-49F6-BA01-3693A63B390A}.Debug|x64.Build.0 = Debug|Any CPU
		{5F3939DE-0425-49F6-BA01-3693A63B390A}.Debug|x86.ActiveCfg = Debug|Any CPU
		{5F3939DE-0425-49F6-BA01-3693A63B390A}.Debug|x86.Build.0 = Debug|Any CPU
		{5F3939DE-0425-49F6-BA01-3693A63B390A}.Release|Any CPU.ActiveCfg = Release|Any CPU
		{5F3939DE-0425-49F6-BA01-3693A63B390A}.Release|Any CPU.Build.0 = Release|Any CPU
		{5F3939DE-0425-49F6-BA01-3693A63B390A}.Release|x64.ActiveCfg = Release|Any CPU
		{5F3939DE-0425-49F6-BA01-3693A63B390A}.Release|x64.Build.0 = Release|Any CPU
		{5F3939DE-0425-49F6-BA01-3693A63B390A}.Release|x86.ActiveCfg = Release|Any CPU
		{5F3939DE-0425-49F6-BA01-3693A63B390A}.Release|x86.Build.0 = Release|Any CPU
		{CC184822-8E98-4489-B4A7-8DEC135DBC84}.Debug|Any CPU.ActiveCfg = Debug|Any CPU
		{CC184822-8E98-4489-B4A7-8DEC135DBC84}.Debug|Any CPU.Build.0 = Debug|Any CPU
		{CC184822-8E98-4489-B4A7-8DEC135DBC84}.Debug|x64.ActiveCfg = Debug|Any CPU
		{CC184822-8E98-4489-B4A7-8DEC135DBC84}.Debug|x64.Build.0 = Debug|Any CPU
		{CC184822-8E98-4489-B4A7-8DEC135DBC84}.Debug|x86.ActiveCfg = Debug|Any CPU
		{CC184822-8E98-4489-B4A7-8DEC135DBC84}.Debug|x86.Build.0 = Debug|Any CPU
		{CC184822-8E98-4489-B4A7-8DEC135DBC84}.Release|Any CPU.ActiveCfg = Release|Any CPU
		{CC184822-8E98-4489-B4A7-8DEC135DBC84}.Release|Any CPU.Build.0 = Release|Any CPU
		{CC184822-8E98-4489-B4A7-8DEC135DBC84}.Release|x64.ActiveCfg = Release|Any CPU
		{CC184822-8E98-4489-B4A7-8DEC135DBC84}.Release|x64.Build.0 = Release|Any CPU
		{CC184822-8E98-4489-B4A7-8DEC135DBC84}.Release|x86.ActiveCfg = Release|Any CPU
		{CC184822-8E98-4489-B4A7-8DEC135DBC84}.Release|x86.Build.0 = Release|Any CPU
		{8F0B6DDC-69D1-485C-BEA2-6237A908146E}.Debug|Any CPU.ActiveCfg = Debug|Any CPU
		{8F0B6DDC-69D1-485C-BEA2-6237A908146E}.Debug|Any CPU.Build.0 = Debug|Any CPU
		{8F0B6DDC-69D1-485C-BEA2-6237A908146E}.Debug|x64.ActiveCfg = Debug|Any CPU
		{8F0B6DDC-69D1-485C-BEA2-6237A908146E}.Debug|x64.Build.0 = Debug|Any CPU
		{8F0B6DDC-69D1-485C-BEA2-6237A908146E}.Debug|x86.ActiveCfg = Debug|Any CPU
		{8F0B6DDC-69D1-485C-BEA2-6237A908146E}.Debug|x86.Build.0 = Debug|Any CPU
		{8F0B6DDC-69D1-485C-BEA2-6237A908146E}.Release|Any CPU.ActiveCfg = Release|Any CPU
		{8F0B6DDC-69D1-485C-BEA2-6237A908146E}.Release|Any CPU.Build.0 = Release|Any CPU
		{8F0B6DDC-69D1-485C-BEA2-6237A908146E}.Release|x64.ActiveCfg = Release|Any CPU
		{8F0B6DDC-69D1-485C-BEA2-6237A908146E}.Release|x64.Build.0 = Release|Any CPU
		{8F0B6DDC-69D1-485C-BEA2-6237A908146E}.Release|x86.ActiveCfg = Release|Any CPU
		{8F0B6DDC-69D1-485C-BEA2-6237A908146E}.Release|x86.Build.0 = Release|Any CPU
		{AF6D65F1-8BCD-4A98-8B85-AF106597DDB4}.Debug|Any CPU.ActiveCfg = Debug|Any CPU
		{AF6D65F1-8BCD-4A98-8B85-AF106597DDB4}.Debug|Any CPU.Build.0 = Debug|Any CPU
		{AF6D65F1-8BCD-4A98-8B85-AF106597DDB4}.Debug|x64.ActiveCfg = Debug|Any CPU
		{AF6D65F1-8BCD-4A98-8B85-AF106597DDB4}.Debug|x64.Build.0 = Debug|Any CPU
		{AF6D65F1-8BCD-4A98-8B85-AF106597DDB4}.Debug|x86.ActiveCfg = Debug|Any CPU
		{AF6D65F1-8BCD-4A98-8B85-AF106597DDB4}.Debug|x86.Build.0 = Debug|Any CPU
		{AF6D65F1-8BCD-4A98-8B85-AF106597DDB4}.Release|Any CPU.ActiveCfg = Release|Any CPU
		{AF6D65F1-8BCD-4A98-8B85-AF106597DDB4}.Release|Any CPU.Build.0 = Release|Any CPU
		{AF6D65F1-8BCD-4A98-8B85-AF106597DDB4}.Release|x64.ActiveCfg = Release|Any CPU
		{AF6D65F1-8BCD-4A98-8B85-AF106597DDB4}.Release|x64.Build.0 = Release|Any CPU
		{AF6D65F1-8BCD-4A98-8B85-AF106597DDB4}.Release|x86.ActiveCfg = Release|Any CPU
		{AF6D65F1-8BCD-4A98-8B85-AF106597DDB4}.Release|x86.Build.0 = Release|Any CPU
	EndGlobalSection
	GlobalSection(SolutionProperties) = preSolution
		HideSolutionNode = FALSE
	EndGlobalSection
	GlobalSection(NestedProjects) = preSolution
		{FA0060FB-632D-427A-9135-AD357B34F75B} = {E7BDDBC6-9FD1-D1D7-ACD8-2C4F8E3D2461}
		{EDD64D91-0F4B-5ED4-2866-ADA64D5A1C33} = {4F52FD11-658E-A102-6CD3-7D7C16FFA15B}
		{ECAF37F3-B066-43A9-9C52-E28577C11B50} = {EDD64D91-0F4B-5ED4-2866-ADA64D5A1C33}
		{D79447CB-DBD5-1050-F941-4B1DB154ED7A} = {5854FF58-B8C5-05C6-5BF2-ACE42193F22B}
		{681352FA-0294-493C-A593-1DBDDA128C0A} = {D79447CB-DBD5-1050-F941-4B1DB154ED7A}
		{757D2377-8083-447A-91B0-ABCD57010997} = {D79447CB-DBD5-1050-F941-4B1DB154ED7A}
		{C10ACD12-089D-4DE2-A786-128C0CC9D956} = {D79447CB-DBD5-1050-F941-4B1DB154ED7A}
		{8F78EC92-0763-4AA1-93FE-0C5CFC775B77} = {D79447CB-DBD5-1050-F941-4B1DB154ED7A}
		{6B2CB54C-E7F8-C45B-A4DA-FB37389901FF} = {5854FF58-B8C5-05C6-5BF2-ACE42193F22B}
		{739DA6A8-E2B7-4419-8094-20CFEC178A82} = {6B2CB54C-E7F8-C45B-A4DA-FB37389901FF}
		{9DDE2997-EC40-4651-A9B1-9E56FCCEFB1F} = {6B2CB54C-E7F8-C45B-A4DA-FB37389901FF}
		{2B030020-CCEF-48E3-BDB8-84DC907D2EB4} = {6B2CB54C-E7F8-C45B-A4DA-FB37389901FF}
		{D7CDDEA7-1E1F-4BD0-9292-008A7B67AE31} = {6B2CB54C-E7F8-C45B-A4DA-FB37389901FF}
		{897A1CA0-6674-B18F-C120-167327C55361} = {5854FF58-B8C5-05C6-5BF2-ACE42193F22B}
		{34AE86CF-6471-4E8D-B0BE-18F6D55E2637} = {897A1CA0-6674-B18F-C120-167327C55361}
		{0AF866F1-61D7-4DA6-85AE-6B0C3CDDF71F} = {897A1CA0-6674-B18F-C120-167327C55361}
		{B6D3E8FE-78CA-4BDB-AB28-EC95B06C8A4F} = {897A1CA0-6674-B18F-C120-167327C55361}
		{3C178BAB-561C-4216-B062-43DCF506FDDA} = {897A1CA0-6674-B18F-C120-167327C55361}
		{A7F1EA75-F84F-EDAA-1156-120873BE27D5} = {5854FF58-B8C5-05C6-5BF2-ACE42193F22B}
		{93162F8E-51C1-4F4A-9F9D-0F3F2AB6B156} = {A7F1EA75-F84F-EDAA-1156-120873BE27D5}
		{A0B5C266-C204-4E6C-87D2-BCC20F94C9CD} = {A7F1EA75-F84F-EDAA-1156-120873BE27D5}
		{F91EE65A-9AC7-439B-858E-E7C6FAA27463} = {A7F1EA75-F84F-EDAA-1156-120873BE27D5}
		{730A5989-8B20-4C95-ABEB-C73E661914BB} = {A7F1EA75-F84F-EDAA-1156-120873BE27D5}
		{B06B848F-2C60-96F4-F472-51BA1E48B7CF} = {5854FF58-B8C5-05C6-5BF2-ACE42193F22B}
		{3148DA21-CE5B-45C4-978F-46F7752B8F18} = {B06B848F-2C60-96F4-F472-51BA1E48B7CF}
		{812A844A-B26E-4AA0-8C21-9167EA5022D8} = {B06B848F-2C60-96F4-F472-51BA1E48B7CF}
		{413384F6-7DB6-4FEF-A1AB-F283948D92E4} = {B06B848F-2C60-96F4-F472-51BA1E48B7CF}
		{81CF9E11-C4CF-4DD1-A43E-70F4D9E4D52B} = {B06B848F-2C60-96F4-F472-51BA1E48B7CF}
		{86ABE1F9-23ED-9C87-BC7A-555EAC0243D4} = {5854FF58-B8C5-05C6-5BF2-ACE42193F22B}
		{038837E9-8BA1-4AC4-B891-8537A7A54CB2} = {86ABE1F9-23ED-9C87-BC7A-555EAC0243D4}
		{58239539-263D-4221-A202-01196D15A5DB} = {86ABE1F9-23ED-9C87-BC7A-555EAC0243D4}
		{143769F9-59E0-4445-BBB8-53E967E3999C} = {86ABE1F9-23ED-9C87-BC7A-555EAC0243D4}
		{DB4F5F42-32F6-4B68-A3B2-9FC777DBE09A} = {86ABE1F9-23ED-9C87-BC7A-555EAC0243D4}
		{714CC2AF-245C-D6B1-E117-A1157E62AF44} = {5854FF58-B8C5-05C6-5BF2-ACE42193F22B}
		{D5376418-A91D-4FBB-98EF-BB8645F74638} = {714CC2AF-245C-D6B1-E117-A1157E62AF44}
		{04778F17-5D89-4A31-9643-94A29FF43BF1} = {714CC2AF-245C-D6B1-E117-A1157E62AF44}
		{3F0330A5-54B8-4829-B829-8B22D494F42F} = {714CC2AF-245C-D6B1-E117-A1157E62AF44}
		{4AB816D3-E991-4B52-9635-300B4CAA453A} = {714CC2AF-245C-D6B1-E117-A1157E62AF44}
		{EECC9D9F-231C-F3F4-0AC7-F763C25E0F76} = {5854FF58-B8C5-05C6-5BF2-ACE42193F22B}
		{AC573E2C-72FA-41F6-9203-A1327D50FC1A} = {EECC9D9F-231C-F3F4-0AC7-F763C25E0F76}
		{4DD85657-36A9-40FD-8CC9-7A3FC0F05398} = {EECC9D9F-231C-F3F4-0AC7-F763C25E0F76}
		{070E2C68-C5B7-4E0C-A078-3A9656EF4457} = {EECC9D9F-231C-F3F4-0AC7-F763C25E0F76}
		{B87E75B8-E21C-4A5E-AF6D-2EB6458DFC97} = {EECC9D9F-231C-F3F4-0AC7-F763C25E0F76}
		{60937C9B-4477-A58E-E305-B3069E16F0C3} = {5854FF58-B8C5-05C6-5BF2-ACE42193F22B}
		{5F3939DE-0425-49F6-BA01-3693A63B390A} = {60937C9B-4477-A58E-E305-B3069E16F0C3}
		{CC184822-8E98-4489-B4A7-8DEC135DBC84} = {60937C9B-4477-A58E-E305-B3069E16F0C3}
		{8F0B6DDC-69D1-485C-BEA2-6237A908146E} = {60937C9B-4477-A58E-E305-B3069E16F0C3}
		{AF6D65F1-8BCD-4A98-8B85-AF106597DDB4} = {60937C9B-4477-A58E-E305-B3069E16F0C3}
	EndGlobalSection
EndGlobal
