
Microsoft Visual Studio Solution File, Format Version 12.00
# Visual Studio Version 17
VisualStudioVersion = 17.0.31903.59
MinimumVisualStudioVersion = 10.0.40219.1
Project("{2150E333-8FDC-42A3-9474-1A3956D46DE8}") = "shared", "shared", "{4F52FD11-658E-A102-6CD3-7D7C16FFA15B}"
EndProject
Project("{FAE04EC0-301F-11D3-BF4B-00C04F79EFBC}") = "Zap.BuildingBlocks", "shared\Zap.BuildingBlocks\Zap.BuildingBlocks.csproj", "{C3B515BD-8E8A-4E02-A82D-B975D77F2EEF}"
EndProject
Project("{FAE04EC0-301F-11D3-BF4B-00C04F79EFBC}") = "Zap.Contracts", "shared\Zap.Contracts\Zap.Contracts.csproj", "{7AB34935-7066-4BBF-A47B-78D83496277F}"
EndProject
Project("{2150E333-8FDC-42A3-9474-1A3956D46DE8}") = "gateway", "gateway", "{E7BDDBC6-9FD1-D1D7-ACD8-2C4F8E3D2461}"
EndProject
Project("{FAE04EC0-301F-11D3-BF4B-00C04F79EFBC}") = "Zap.Gateway.Api", "gateway\Zap.Gateway.Api\Zap.Gateway.Api.csproj", "{3620B6F2-7087-44BF-B9AF-0D7DE3D02C3B}"
EndProject
Project("{2150E333-8FDC-42A3-9474-1A3956D46DE8}") = "services", "services", "{5854FF58-B8C5-05C6-5BF2-ACE42193F22B}"
EndProject
Project("{FAE04EC0-301F-11D3-BF4B-00C04F79EFBC}") = "Zap.Identity.Api", "services\Zap.Identity.Api\Zap.Identity.Api.csproj", "{15AAFE02-F9AA-484D-B9C9-B3D453870B3B}"
EndProject
Project("{FAE04EC0-301F-11D3-BF4B-00C04F79EFBC}") = "Zap.Identity.Application", "services\Zap.Identity.Application\Zap.Identity.Application.csproj", "{6AEA08B1-B70A-4F86-8F15-E4F2C707D26D}"
EndProject
Project("{FAE04EC0-301F-11D3-BF4B-00C04F79EFBC}") = "Zap.Identity.Domain", "services\Zap.Identity.Domain\Zap.Identity.Domain.csproj", "{10F703C7-B87C-457D-9516-D230424E6ED9}"
EndProject
Project("{FAE04EC0-301F-11D3-BF4B-00C04F79EFBC}") = "Zap.Identity.Infrastructure", "services\Zap.Identity.Infrastructure\Zap.Identity.Infrastructure.csproj", "{C62E9120-DD8B-4C34-9965-626FD1F69A18}"
EndProject
Global
	GlobalSection(SolutionConfigurationPlatforms) = preSolution
		Debug|Any CPU = Debug|Any CPU
		Debug|x64 = Debug|x64
		Debug|x86 = Debug|x86
		Release|Any CPU = Release|Any CPU
		Release|x64 = Release|x64
		Release|x86 = Release|x86
	EndGlobalSection
	GlobalSection(ProjectConfigurationPlatforms) = postSolution
		{C3B515BD-8E8A-4E02-A82D-B975D77F2EEF}.Debug|Any CPU.ActiveCfg = Debug|Any CPU
		{C3B515BD-8E8A-4E02-A82D-B975D77F2EEF}.Debug|Any CPU.Build.0 = Debug|Any CPU
		{C3B515BD-8E8A-4E02-A82D-B975D77F2EEF}.Debug|x64.ActiveCfg = Debug|Any CPU
		{C3B515BD-8E8A-4E02-A82D-B975D77F2EEF}.Debug|x64.Build.0 = Debug|Any CPU
		{C3B515BD-8E8A-4E02-A82D-B975D77F2EEF}.Debug|x86.ActiveCfg = Debug|Any CPU
		{C3B515BD-8E8A-4E02-A82D-B975D77F2EEF}.Debug|x86.Build.0 = Debug|Any CPU
		{C3B515BD-8E8A-4E02-A82D-B975D77F2EEF}.Release|Any CPU.ActiveCfg = Release|Any CPU
		{C3B515BD-8E8A-4E02-A82D-B975D77F2EEF}.Release|Any CPU.Build.0 = Release|Any CPU
		{C3B515BD-8E8A-4E02-A82D-B975D77F2EEF}.Release|x64.ActiveCfg = Release|Any CPU
		{C3B515BD-8E8A-4E02-A82D-B975D77F2EEF}.Release|x64.Build.0 = Release|Any CPU
		{C3B515BD-8E8A-4E02-A82D-B975D77F2EEF}.Release|x86.ActiveCfg = Release|Any CPU
		{C3B515BD-8E8A-4E02-A82D-B975D77F2EEF}.Release|x86.Build.0 = Release|Any CPU
		{7AB34935-7066-4BBF-A47B-78D83496277F}.Debug|Any CPU.ActiveCfg = Debug|Any CPU
		{7AB34935-7066-4BBF-A47B-78D83496277F}.Debug|Any CPU.Build.0 = Debug|Any CPU
		{7AB34935-7066-4BBF-A47B-78D83496277F}.Debug|x64.ActiveCfg = Debug|Any CPU
		{7AB34935-7066-4BBF-A47B-78D83496277F}.Debug|x64.Build.0 = Debug|Any CPU
		{7AB34935-7066-4BBF-A47B-78D83496277F}.Debug|x86.ActiveCfg = Debug|Any CPU
		{7AB34935-7066-4BBF-A47B-78D83496277F}.Debug|x86.Build.0 = Debug|Any CPU
		{7AB34935-7066-4BBF-A47B-78D83496277F}.Release|Any CPU.ActiveCfg = Release|Any CPU
		{7AB34935-7066-4BBF-A47B-78D83496277F}.Release|Any CPU.Build.0 = Release|Any CPU
		{7AB34935-7066-4BBF-A47B-78D83496277F}.Release|x64.ActiveCfg = Release|Any CPU
		{7AB34935-7066-4BBF-A47B-78D83496277F}.Release|x64.Build.0 = Release|Any CPU
		{7AB34935-7066-4BBF-A47B-78D83496277F}.Release|x86.ActiveCfg = Release|Any CPU
		{7AB34935-7066-4BBF-A47B-78D83496277F}.Release|x86.Build.0 = Release|Any CPU
		{3620B6F2-7087-44BF-B9AF-0D7DE3D02C3B}.Debug|Any CPU.ActiveCfg = Debug|Any CPU
		{3620B6F2-7087-44BF-B9AF-0D7DE3D02C3B}.Debug|Any CPU.Build.0 = Debug|Any CPU
		{3620B6F2-7087-44BF-B9AF-0D7DE3D02C3B}.Debug|x64.ActiveCfg = Debug|Any CPU
		{3620B6F2-7087-44BF-B9AF-0D7DE3D02C3B}.Debug|x64.Build.0 = Debug|Any CPU
		{3620B6F2-7087-44BF-B9AF-0D7DE3D02C3B}.Debug|x86.ActiveCfg = Debug|Any CPU
		{3620B6F2-7087-44BF-B9AF-0D7DE3D02C3B}.Debug|x86.Build.0 = Debug|Any CPU
		{3620B6F2-7087-44BF-B9AF-0D7DE3D02C3B}.Release|Any CPU.ActiveCfg = Release|Any CPU
		{3620B6F2-7087-44BF-B9AF-0D7DE3D02C3B}.Release|Any CPU.Build.0 = Release|Any CPU
		{3620B6F2-7087-44BF-B9AF-0D7DE3D02C3B}.Release|x64.ActiveCfg = Release|Any CPU
		{3620B6F2-7087-44BF-B9AF-0D7DE3D02C3B}.Release|x64.Build.0 = Release|Any CPU
		{3620B6F2-7087-44BF-B9AF-0D7DE3D02C3B}.Release|x86.ActiveCfg = Release|Any CPU
		{3620B6F2-7087-44BF-B9AF-0D7DE3D02C3B}.Release|x86.Build.0 = Release|Any CPU
		{15AAFE02-F9AA-484D-B9C9-B3D453870B3B}.Debug|Any CPU.ActiveCfg = Debug|Any CPU
		{15AAFE02-F9AA-484D-B9C9-B3D453870B3B}.Debug|Any CPU.Build.0 = Debug|Any CPU
		{15AAFE02-F9AA-484D-B9C9-B3D453870B3B}.Debug|x64.ActiveCfg = Debug|Any CPU
		{15AAFE02-F9AA-484D-B9C9-B3D453870B3B}.Debug|x64.Build.0 = Debug|Any CPU
		{15AAFE02-F9AA-484D-B9C9-B3D453870B3B}.Debug|x86.ActiveCfg = Debug|Any CPU
		{15AAFE02-F9AA-484D-B9C9-B3D453870B3B}.Debug|x86.Build.0 = Debug|Any CPU
		{15AAFE02-F9AA-484D-B9C9-B3D453870B3B}.Release|Any CPU.ActiveCfg = Release|Any CPU
		{15AAFE02-F9AA-484D-B9C9-B3D453870B3B}.Release|Any CPU.Build.0 = Release|Any CPU
		{15AAFE02-F9AA-484D-B9C9-B3D453870B3B}.Release|x64.ActiveCfg = Release|Any CPU
		{15AAFE02-F9AA-484D-B9C9-B3D453870B3B}.Release|x64.Build.0 = Release|Any CPU
		{15AAFE02-F9AA-484D-B9C9-B3D453870B3B}.Release|x86.ActiveCfg = Release|Any CPU
		{15AAFE02-F9AA-484D-B9C9-B3D453870B3B}.Release|x86.Build.0 = Release|Any CPU
		{6AEA08B1-B70A-4F86-8F15-E4F2C707D26D}.Debug|Any CPU.ActiveCfg = Debug|Any CPU
		{6AEA08B1-B70A-4F86-8F15-E4F2C707D26D}.Debug|Any CPU.Build.0 = Debug|Any CPU
		{6AEA08B1-B70A-4F86-8F15-E4F2C707D26D}.Debug|x64.ActiveCfg = Debug|Any CPU
		{6AEA08B1-B70A-4F86-8F15-E4F2C707D26D}.Debug|x64.Build.0 = Debug|Any CPU
		{6AEA08B1-B70A-4F86-8F15-E4F2C707D26D}.Debug|x86.ActiveCfg = Debug|Any CPU
		{6AEA08B1-B70A-4F86-8F15-E4F2C707D26D}.Debug|x86.Build.0 = Debug|Any CPU
		{6AEA08B1-B70A-4F86-8F15-E4F2C707D26D}.Release|Any CPU.ActiveCfg = Release|Any CPU
		{6AEA08B1-B70A-4F86-8F15-E4F2C707D26D}.Release|Any CPU.Build.0 = Release|Any CPU
		{6AEA08B1-B70A-4F86-8F15-E4F2C707D26D}.Release|x64.ActiveCfg = Release|Any CPU
		{6AEA08B1-B70A-4F86-8F15-E4F2C707D26D}.Release|x64.Build.0 = Release|Any CPU
		{6AEA08B1-B70A-4F86-8F15-E4F2C707D26D}.Release|x86.ActiveCfg = Release|Any CPU
		{6AEA08B1-B70A-4F86-8F15-E4F2C707D26D}.Release|x86.Build.0 = Release|Any CPU
		{10F703C7-B87C-457D-9516-D230424E6ED9}.Debug|Any CPU.ActiveCfg = Debug|Any CPU
		{10F703C7-B87C-457D-9516-D230424E6ED9}.Debug|Any CPU.Build.0 = Debug|Any CPU
		{10F703C7-B87C-457D-9516-D230424E6ED9}.Debug|x64.ActiveCfg = Debug|Any CPU
		{10F703C7-B87C-457D-9516-D230424E6ED9}.Debug|x64.Build.0 = Debug|Any CPU
		{10F703C7-B87C-457D-9516-D230424E6ED9}.Debug|x86.ActiveCfg = Debug|Any CPU
		{10F703C7-B87C-457D-9516-D230424E6ED9}.Debug|x86.Build.0 = Debug|Any CPU
		{10F703C7-B87C-457D-9516-D230424E6ED9}.Release|Any CPU.ActiveCfg = Release|Any CPU
		{10F703C7-B87C-457D-9516-D230424E6ED9}.Release|Any CPU.Build.0 = Release|Any CPU
		{10F703C7-B87C-457D-9516-D230424E6ED9}.Release|x64.ActiveCfg = Release|Any CPU
		{10F703C7-B87C-457D-9516-D230424E6ED9}.Release|x64.Build.0 = Release|Any CPU
		{10F703C7-B87C-457D-9516-D230424E6ED9}.Release|x86.ActiveCfg = Release|Any CPU
		{10F703C7-B87C-457D-9516-D230424E6ED9}.Release|x86.Build.0 = Release|Any CPU
		{C62E9120-DD8B-4C34-9965-626FD1F69A18}.Debug|Any CPU.ActiveCfg = Debug|Any CPU
		{C62E9120-DD8B-4C34-9965-626FD1F69A18}.Debug|Any CPU.Build.0 = Debug|Any CPU
		{C62E9120-DD8B-4C34-9965-626FD1F69A18}.Debug|x64.ActiveCfg = Debug|Any CPU
		{C62E9120-DD8B-4C34-9965-626FD1F69A18}.Debug|x64.Build.0 = Debug|Any CPU
		{C62E9120-DD8B-4C34-9965-626FD1F69A18}.Debug|x86.ActiveCfg = Debug|Any CPU
		{C62E9120-DD8B-4C34-9965-626FD1F69A18}.Debug|x86.Build.0 = Debug|Any CPU
		{C62E9120-DD8B-4C34-9965-626FD1F69A18}.Release|Any CPU.ActiveCfg = Release|Any CPU
		{C62E9120-DD8B-4C34-9965-626FD1F69A18}.Release|Any CPU.Build.0 = Release|Any CPU
		{C62E9120-DD8B-4C34-9965-626FD1F69A18}.Release|x64.ActiveCfg = Release|Any CPU
		{C62E9120-DD8B-4C34-9965-626FD1F69A18}.Release|x64.Build.0 = Release|Any CPU
		{C62E9120-DD8B-4C34-9965-626FD1F69A18}.Release|x86.ActiveCfg = Release|Any CPU
		{C62E9120-DD8B-4C34-9965-626FD1F69A18}.Release|x86.Build.0 = Release|Any CPU
	EndGlobalSection
	GlobalSection(SolutionProperties) = preSolution
		HideSolutionNode = FALSE
	EndGlobalSection
	GlobalSection(NestedProjects) = preSolution
		{C3B515BD-8E8A-4E02-A82D-B975D77F2EEF} = {4F52FD11-658E-A102-6CD3-7D7C16FFA15B}
		{7AB34935-7066-4BBF-A47B-78D83496277F} = {4F52FD11-658E-A102-6CD3-7D7C16FFA15B}
		{3620B6F2-7087-44BF-B9AF-0D7DE3D02C3B} = {E7BDDBC6-9FD1-D1D7-ACD8-2C4F8E3D2461}
		{15AAFE02-F9AA-484D-B9C9-B3D453870B3B} = {5854FF58-B8C5-05C6-5BF2-ACE42193F22B}
		{6AEA08B1-B70A-4F86-8F15-E4F2C707D26D} = {5854FF58-B8C5-05C6-5BF2-ACE42193F22B}
		{10F703C7-B87C-457D-9516-D230424E6ED9} = {5854FF58-B8C5-05C6-5BF2-ACE42193F22B}
		{C62E9120-DD8B-4C34-9965-626FD1F69A18} = {5854FF58-B8C5-05C6-5BF2-ACE42193F22B}
	EndGlobalSection
EndGlobal
